{
  "name": "subber",
  "version": "0.0.1",
  "lockfileVersion": 3,
  "requires": true,
  "packages": {
    "": {
      "name": "subber",
      "version": "0.0.1",
      "dependencies": {
        "@riddance/service": "0.3.0"
      },
      "engines": {
        "node": ">=24"
      }
    },
    "node_modules/@riddance/host": {
      "version": "0.3.0",
      "resolved": "https://registry.npmjs.org/@riddance/host/-/host-0.3.0.tgz",
      "integrity": "sha512-6qlVMdYS9li9+NXyuiklG5EilOVZM7g/VLJKjGhb4I/usnRnxuLzKp1PzZxgOwpVfyxawLwBjFKkju19OjwM9w==",
      "license": "MIT",
      "engines": {
        "node": ">=24"
      }
    },
    "node_modules/@riddance/service": {
      "version": "0.3.0",
      "resolved": "https://registry.npmjs.org/@riddance/service/-/service-0.3.0.tgz",
      "integrity": "sha512-2M6GrPZe+sN9r8w4Ds8ow41SO4Mxkut8aXblqSFfcBzwu/oTMD0/w4ugZrAJsdzopBXrJvGdKLUq2dngq8qnHA==",
      "license": "MIT",
      "dependencies": {
        "@riddance/host": "0.3.0",
        "cron": "4.4.0",
        "jose": "6.2.3"
      },
      "engines": {
        "node": ">=24"
      }
    },
    "node_modules/@types/luxon": {
      "version": "3.7.1",
      "resolved": "https://registry.npmjs.org/@types/luxon/-/luxon-3.7.1.tgz",
      "integrity": "sha512-H3iskjFIAn5SlJU7OuxUmTEpebK6TKB8rxZShDslBMZJ5u9S//KM1sbdAisiSrqwLQncVjnpi2OK2J51h+4lsg==",
      "license": "MIT"
    },
    "node_modules/cron": {
      "version": "4.4.0",
      "resolved": "https://registry.npmjs.org/cron/-/cron-4.4.0.tgz",
      "integrity": "sha512-fkdfq+b+AHI4cKdhZlppHveI/mgz2qpiYxcm+t5E5TsxX7QrLS1VE0+7GENEk9z0EeGPcpSciGv6ez24duWhwQ==",
      "license": "MIT",
      "dependencies": {
        "@types/luxon": "~3.7.0",
        "luxon": "~3.7.0"
      },
      "engines": {
        "node": ">=18.x"
      },
      "funding": {
        "type": "ko-fi",
        "url": "https://ko-fi.com/intcreator"
      }
    },
    "node_modules/jose": {
      "version": "6.2.3",
      "resolved": "https://registry.npmjs.org/jose/-/jose-6.2.3.tgz",
      "integrity": "sha512-YYVDInQKFJfR/xa3ojUTl8c2KoTwiL1R5Wg9YCydwH0x0B9grbzlg5HC7mMjCtUJjbQ/YnGEZIhI5tCgfTb4Hw==",
      "license": "MIT",
      "funding": {
        "url": "https://github.com/sponsors/panva"
      }
    },
    "node_modules/luxon": {
      "version": "3.7.2",
      "resolved": "https://registry.npmjs.org/luxon/-/luxon-3.7.2.tgz",
      "integrity": "sha512-vtEhXh/gNjI9Yg1u4jX/0YVPMvxzHuGgCm6tC5kZyb08yjGWGnqAjGJvcXbqQR2P3MyMEFnRbpcdFS6PBcLqew==",
      "license": "MIT",
      "engines": {
        "node": ">=12"
      }
    }
  }
}
